
Microsoft Visual Studio Solution File, Format Version 12.00
# Visual Studio Version 17
VisualStudioVersion = 17.7.34003.232
MinimumVisualStudioVersion = 10.0.40219.1
Project("{FAE04EC0-301F-11D3-BF4B-00C04F79EFBC}") = "FluentUI3Sample", "FluentUI3Sample\FluentUI3Sample.csproj", "{2CFC908B-A6C0-4C3B-AEFE-AEB23BCB9A67}"
EndProject
Global
	GlobalSection(SolutionConfigurationPlatforms) = preSolution
		Debug|Any CPU = Debug|Any CPU
		Release|Any CPU = Release|Any CPU
	EndGlobalSection
	GlobalSection(ProjectConfigurationPlatforms) = postSolution
		{2CFC908B-A6C0-4C3B-AEFE-AEB23BCB9A67}.Debug|Any CPU.ActiveCfg = Debug|Any CPU
		{2CFC908B-A6C0-4C3B-AEFE-AEB23BCB9A67}.Debug|Any CPU.Build.0 = Debug|Any CPU
		{2CFC908B-A6C0-4C3B-AEFE-AEB23BCB9A67}.Release|Any CPU.ActiveCfg = Release|Any CPU
		{2CFC908B-A6C0-4C3B-AEFE-AEB23BCB9A67}.Release|Any CPU.Build.0 = Release|Any CPU
	EndGlobalSection
	GlobalSection(SolutionProperties) = preSolution
		HideSolutionNode = FALSE
	EndGlobalSection
	GlobalSection(ExtensibilityGlobals) = postSolution
		SolutionGuid = {2C879360-138A-456E-9F76-8F90C9BF21E8}
	EndGlobalSection
EndGlobal
